
Microsoft Visual Studio Solution File, Format Version 12.00
# Visual Studio Version 17
VisualStudioVersion = 17.4.33213.308
MinimumVisualStudioVersion = 10.0.40219.1
Project("{FAE04EC0-301F-11D3-BF4B-00C04F79EFBC}") = "VRCGame", "VRCGame.csproj", "{7B8BAE64-8A97-4D6E-9A82-EF23666E8F8D}"
EndProject
Global
	GlobalSection(SolutionConfigurationPlatforms) = preSolution
		Debug|Any CPU = Debug|Any CPU
		Release|Any CPU = Release|Any CPU
	EndGlobalSection
	GlobalSection(ProjectConfigurationPlatforms) = postSolution
		{7B8BAE64-8A97-4D6E-9A82-EF23666E8F8D}.Debug|Any CPU.ActiveCfg = Debug|Any CPU
		{7B8BAE64-8A97-4D6E-9A82-EF23666E8F8D}.Debug|Any CPU.Build.0 = Debug|Any CPU
		{7B8BAE64-8A97-4D6E-9A82-EF23666E8F8D}.Release|Any CPU.ActiveCfg = Release|Any CPU
		{7B8BAE64-8A97-4D6E-9A82-EF23666E8F8D}.Release|Any CPU.Build.0 = Release|Any CPU
	EndGlobalSection
	GlobalSection(SolutionProperties) = preSolution
		HideSolutionNode = FALSE
	EndGlobalSection
	GlobalSection(ExtensibilityGlobals) = postSolution
		SolutionGuid = {6B679E61-EA6E-42E7-9738-E2DA6D64BF2C}
	EndGlobalSection
EndGlobal
